
Microsoft Visual Studio Solution File, Format Version 12.00
# Visual Studio 2012
Project("{FAE04EC0-301F-11D3-BF4B-00C04F79EFBC}") = "colecciones", "colecciones\colecciones.csproj", "{CBE82CF6-ABD0-447C-9670-7E943186AF8D}"
EndProject
Global
	GlobalSection(SolutionConfigurationPlatforms) = preSolution
		Debug|x86 = Debug|x86
		Release|x86 = Release|x86
	EndGlobalSection
	GlobalSection(ProjectConfigurationPlatforms) = postSolution
		{CBE82CF6-ABD0-447C-9670-7E943186AF8D}.Debug|x86.ActiveCfg = Debug|x86
		{CBE82CF6-ABD0-447C-9670-7E943186AF8D}.Debug|x86.Build.0 = Debug|x86
		{CBE82CF6-ABD0-447C-9670-7E943186AF8D}.Release|x86.ActiveCfg = Release|x86
		{CBE82CF6-ABD0-447C-9670-7E943186AF8D}.Release|x86.Build.0 = Release|x86
	EndGlobalSection
EndGlobal
